// !$*UTF8*$!
{
	archiveVersion = 1;
	classes = {
	};
	objectVersion = 50;
	objects = {

/* Begin PBXBuildFile section */
		1253FD412655FF940013AC09 /* AppDelegate.swift in Sources */ = {isa = PBXBuildFile; fileRef = 1253FD402655FF940013AC09 /* AppDelegate.swift */; };
		1253FD432655FF940013AC09 /* SceneDelegate.swift in Sources */ = {isa = PBXBuildFile; fileRef = 1253FD422655FF940013AC09 /* SceneDelegate.swift */; };
		1253FD452655FF940013AC09 /* ViewController.swift in Sources */ = {isa = PBXBuildFile; fileRef = 1253FD442655FF940013AC09 /* ViewController.swift */; };
		1253FD4A2655FF960013AC09 /* Assets.xcassets in Resources */ = {isa = PBXBuildFile; fileRef = 1253FD492655FF960013AC09 /* Assets.xcassets */; };
		1253FD4D2655FF960013AC09 /* LaunchScreen.storyboard in Resources */ = {isa = PBXBuildFile; fileRef = 1253FD4B2655FF960013AC09 /* LaunchScreen.storyboard */; };
		1253FD5A265600D70013AC09 /* ViewControllerViewModel.swift in Sources */ = {isa = PBXBuildFile; fileRef = 1253FD59265600D70013AC09 /* ViewControllerViewModel.swift */; };
		1253FD5E265601990013AC09 /* UserService.swift in Sources */ = {isa = PBXBuildFile; fileRef = 1253FD5D265601990013AC09 /* UserService.swift */; };
		1253FD63265601AB0013AC09 /* Users.swift in Sources */ = {isa = PBXBuildFile; fileRef = 1253FD62265601AB0013AC09 /* Users.swift */; };
/* End PBXBuildFile section */

/* Begin PBXFileReference section */
		1253FD3D2655FF940013AC09 /* Combine_URLSession.app */ = {isa = PBXFileReference; explicitFileType = wrapper.application; includeInIndex = 0; path = Combine_URLSession.app; sourceTree = BUILT_PRODUCTS_DIR; };
		1253FD402655FF940013AC09 /* AppDelegate.swift */ = {isa = PBXFileReference; lastKnownFileType = sourcecode.swift; path = AppDelegate.swift; sourceTree = "<group>"; };
		1253FD422655FF940013AC09 /* SceneDelegate.swift */ = {isa = PBXFileReference; lastKnownFileType = sourcecode.swift; path = SceneDelegate.swift; sourceTree = "<group>"; };
		1253FD442655FF940013AC09 /* ViewController.swift */ = {isa = PBXFileReference; lastKnownFileType = sourcecode.swift; path = ViewController.swift; sourceTree = "<group>"; };
		1253FD492655FF960013AC09 /* Assets.xcassets */ = {isa = PBXFileReference; lastKnownFileType = folder.assetcatalog; path = Assets.xcassets; sourceTree = "<group>"; };
		1253FD4C2655FF960013AC09 /* Base */ = {isa = PBXFileReference; lastKnownFileType = file.storyboard; name = Base; path = Base.lproj/LaunchScreen.storyboard; sourceTree = "<group>"; };
		1253FD4E2655FF960013AC09 /* Info.plist */ = {isa = PBXFileReference; lastKnownFileType = text.plist.xml; path = Info.plist; sourceTree = "<group>"; };
		1253FD59265600D70013AC09 /* ViewControllerViewModel.swift */ = {isa = PBXFileReference; lastKnownFileType = sourcecode.swift; path = ViewControllerViewModel.swift; sourceTree = "<group>"; };
		1253FD5D265601990013AC09 /* UserService.swift */ = {isa = PBXFileReference; lastKnownFileType = sourcecode.swift; path = UserService.swift; sourceTree = "<group>"; };
		1253FD62265601AB0013AC09 /* Users.swift */ = {isa = PBXFileReference; lastKnownFileType = sourcecode.swift; path = Users.swift; sourceTree = "<group>"; };
/* End PBXFileReference section */

/* Begin PBXFrameworksBuildPhase section */
		1253FD3A2655FF940013AC09 /* Frameworks */ = {
			isa = PBXFrameworksBuildPhase;
			buildActionMask = 2147483647;
			files = (
			);
			runOnlyForDeploymentPostprocessing = 0;
		};
/* End PBXFrameworksBuildPhase section */

/* Begin PBXGroup section */
		1253FD342655FF940013AC09 = {
			isa = PBXGroup;
			children = (
				1253FD3F2655FF940013AC09 /* Combine_URLSession */,
				1253FD3E2655FF940013AC09 /* Products */,
			);
			sourceTree = "<group>";
		};
		1253FD3E2655FF940013AC09 /* Products */ = {
			isa = PBXGroup;
			children = (
				1253FD3D2655FF940013AC09 /* Combine_URLSession.app */,
			);
			name = Products;
			sourceTree = "<group>";
		};
		1253FD3F2655FF940013AC09 /* Combine_URLSession */ = {
			isa = PBXGroup;
			children = (
				1253FD602656019E0013AC09 /* Models */,
				1253FD5C2656018D0013AC09 /* Services */,
				1253FD58265600C50013AC09 /* ViewModels */,
				1253FD562656009F0013AC09 /* ViewControllers */,
				1253FD402655FF940013AC09 /* AppDelegate.swift */,
				1253FD422655FF940013AC09 /* SceneDelegate.swift */,
				1253FD492655FF960013AC09 /* Assets.xcassets */,
				1253FD4B2655FF960013AC09 /* LaunchScreen.storyboard */,
				1253FD4E2655FF960013AC09 /* Info.plist */,
			);
			path = Combine_URLSession;
			sourceTree = "<group>";
		};
		1253FD562656009F0013AC09 /* ViewControllers */ = {
			isa = PBXGroup;
			children = (
				1253FD442655FF940013AC09 /* ViewController.swift */,
			);
			path = ViewControllers;
			sourceTree = "<group>";
		};
		1253FD58265600C50013AC09 /* ViewModels */ = {
			isa = PBXGroup;
			children = (
				1253FD59265600D70013AC09 /* ViewControllerViewModel.swift */,
			);
			path = ViewModels;
			sourceTree = "<group>";
		};
		1253FD5C2656018D0013AC09 /* Services */ = {
			isa = PBXGroup;
			children = (
				1253FD5D265601990013AC09 /* UserService.swift */,
			);
			path = Services;
			sourceTree = "<group>";
		};
		1253FD602656019E0013AC09 /* Models */ = {
			isa = PBXGroup;
			children = (
				1253FD62265601AB0013AC09 /* Users.swift */,
			);
			path = Models;
			sourceTree = "<group>";
		};
/* End PBXGroup section */

/* Begin PBXNativeTarget section */
		1253FD3C2655FF940013AC09 /* Combine_URLSession */ = {
			isa = PBXNativeTarget;
			buildConfigurationList = 1253FD512655FF960013AC09 /* Build configuration list for PBXNativeTarget "Combine_URLSession" */;
			buildPhases = (
				1253FD392655FF940013AC09 /* Sources */,
				1253FD3A2655FF940013AC09 /* Frameworks */,
				1253FD3B2655FF940013AC09 /* Resources */,
			);
			buildRules = (
			);
			dependencies = (
			);
			name = Combine_URLSession;
			productName = Combine_URLSession;
			productReference = 1253FD3D2655FF940013AC09 /* Combine_URLSession.app */;
			productType = "com.apple.product-type.application";
		};
/* End PBXNativeTarget section */

/* Begin PBXProject section */
		1253FD352655FF940013AC09 /* Project object */ = {
			isa = PBXProject;
			attributes = {
				LastSwiftUpdateCheck = 1240;
				LastUpgradeCheck = 1240;
				TargetAttributes = {
					1253FD3C2655FF940013AC09 = {
						CreatedOnToolsVersion = 12.4;
					};
				};
			};
			buildConfigurationList = 1253FD382655FF940013AC09 /* Build configuration list for PBXProject "Combine_URLSession" */;
			compatibilityVersion = "Xcode 9.3";
			developmentRegion = en;
			hasScannedForEncodings = 0;
			knownRegions = (
				en,
				Base,
			);
			mainGroup = 1253FD342655FF940013AC09;
			productRefGroup = 1253FD3E2655FF940013AC09 /* Products */;
			projectDirPath = "";
			projectRoot = "";
			targets = (
				1253FD3C2655FF940013AC09 /* Combine_URLSession */,
			);
		};
/* End PBXProject section */

/* Begin PBXResourcesBuildPhase section */
		1253FD3B2655FF940013AC09 /* Resources */ = {
			isa = PBXResourcesBuildPhase;
			buildActionMask = 2147483647;
			files = (
				1253FD4D2655FF960013AC09 /* LaunchScreen.storyboard in Resources */,
				1253FD4A2655FF960013AC09 /* Assets.xcassets in Resources */,
			);
			runOnlyForDeploymentPostprocessing = 0;
		};
/* End PBXResourcesBuildPhase section */

/* Begin PBXSourcesBuildPhase section */
		1253FD392655FF940013AC09 /* Sources */ = {
			isa = PBXSourcesBuildPhase;
			buildActionMask = 2147483647;
			files = (
				1253FD452655FF940013AC09 /* ViewController.swift in Sources */,
				1253FD5E265601990013AC09 /* UserService.swift in Sources */,
				1253FD412655FF940013AC09 /* AppDelegate.swift in Sources */,
				1253FD432655FF940013AC09 /* SceneDelegate.swift in Sources */,
				1253FD63265601AB0013AC09 /* Users.swift in Sources */,
				1253FD5A265600D70013AC09 /* ViewControllerViewModel.swift in Sources */,
			);
			runOnlyForDeploymentPostprocessing = 0;
		};
/* End PBXSourcesBuildPhase section */

/* Begin PBXVariantGroup section */
		1253FD4B2655FF960013AC09 /* LaunchScreen.storyboard */ = {
			isa = PBXVariantGroup;
			children = (
				1253FD4C2655FF960013AC09 /* Base */,
			);
			name = LaunchScreen.storyboard;
			sourceTree = "<group>";
		};
/* End PBXVariantGroup section */

/* Begin XCBuildConfiguration section */
		1253FD4F2655FF960013AC09 /* Debug */ = {
			isa = XCBuildConfiguration;
			buildSettings = {
				ALWAYS_SEARCH_USER_PATHS = NO;
				CLANG_ANALYZER_NONNULL = YES;
				CLANG_ANALYZER_NUMBER_OBJECT_CONVERSION = YES_AGGRESSIVE;
				CLANG_CXX_LANGUAGE_STANDARD = "gnu++14";
				CLANG_CXX_LIBRARY = "libc++";
				CLANG_ENABLE_MODULES = YES;
				CLANG_ENABLE_OBJC_ARC = YES;
				CLANG_ENABLE_OBJC_WEAK = YES;
				CLANG_WARN_BLOCK_CAPTURE_AUTORELEASING = YES;
				CLANG_WARN_BOOL_CONVERSION = YES;
				CLANG_WARN_COMMA = YES;
				CLANG_WARN_CONSTANT_CONVERSION = YES;
				CLANG_WARN_DEPRECATED_OBJC_IMPLEMENTATIONS = YES;
				CLANG_WARN_DIRECT_OBJC_ISA_USAGE = YES_ERROR;
				CLANG_WARN_DOCUMENTATION_COMMENTS = YES;
				CLANG_WARN_EMPTY_BODY = YES;
				CLANG_WARN_ENUM_CONVERSION = YES;
				CLANG_WARN_INFINITE_RECURSION = YES;
				CLANG_WARN_INT_CONVERSION = YES;
				CLANG_WARN_NON_LITERAL_NULL_CONVERSION = YES;
				CLANG_WARN_OBJC_IMPLICIT_RETAIN_SELF = YES;
				CLANG_WARN_OBJC_LITERAL_CONVERSION = YES;
				CLANG_WARN_OBJC_ROOT_CLASS = YES_ERROR;
				CLANG_WARN_QUOTED_INCLUDE_IN_FRAMEWORK_HEADER = YES;
				CLANG_WARN_RANGE_LOOP_ANALYSIS = YES;
				CLANG_WARN_STRICT_PROTOTYPES = YES;
				CLANG_WARN_SUSPICIOUS_MOVE = YES;
				CLANG_WARN_UNGUARDED_AVAILABILITY = YES_AGGRESSIVE;
				CLANG_WARN_UNREACHABLE_CODE = YES;
				CLANG_WARN__DUPLICATE_METHOD_MATCH = YES;
				COPY_PHASE_STRIP = NO;
				DEBUG_INFORMATION_FORMAT = dwarf;
				ENABLE_STRICT_OBJC_MSGSEND = YES;
				ENABLE_TESTABILITY = YES;
				GCC_C_LANGUAGE_STANDARD = gnu11;
				GCC_DYNAMIC_NO_PIC = NO;
				GCC_NO_COMMON_BLOCKS = YES;
				GCC_OPTIMIZATION_LEVEL = 0;
				GCC_PREPROCESSOR_DEFINITIONS = (
					"DEBUG=1",
					"$(inherited)",
				);
				GCC_WARN_64_TO_32_BIT_CONVERSION = YES;
				GCC_WARN_ABOUT_RETURN_TYPE = YES_ERROR;
				GCC_WARN_UNDECLARED_SELECTOR = YES;
				GCC_WARN_UNINITIALIZED_AUTOS = YES_AGGRESSIVE;
				GCC_WARN_UNUSED_FUNCTION = YES;
				GCC_WARN_UNUSED_VARIABLE = YES;
				IPHONEOS_DEPLOYMENT_TARGET = 14.4;
				MTL_ENABLE_DEBUG_INFO = INCLUDE_SOURCE;
				MTL_FAST_MATH = YES;
				ONLY_ACTIVE_ARCH = YES;
				SDKROOT = iphoneos;
				SWIFT_ACTIVE_COMPILATION_CONDITIONS = DEBUG;
				SWIFT_OPTIMIZATION_LEVEL = "-Onone";
			};
			name = Debug;
		};
		1253FD502655FF960013AC09 /* Release */ = {
			isa = XCBuildConfiguration;
			buildSettings = {
				ALWAYS_SEARCH_USER_PATHS = NO;
				CLANG_ANALYZER_NONNULL = YES;
				CLANG_ANALYZER_NUMBER_OBJECT_CONVERSION = YES_AGGRESSIVE;
				CLANG_CXX_LANGUAGE_STANDARD = "gnu++14";
				CLANG_CXX_LIBRARY = "libc++";
				CLANG_ENABLE_MODULES = YES;
				CLANG_ENABLE_OBJC_ARC = YES;
				CLANG_ENABLE_OBJC_WEAK = YES;
				CLANG_WARN_BLOCK_CAPTURE_AUTORELEASING = YES;
				CLANG_WARN_BOOL_CONVERSION = YES;
				CLANG_WARN_COMMA = YES;
				CLANG_WARN_CONSTANT_CONVERSION = YES;
				CLANG_WARN_DEPRECATED_OBJC_IMPLEMENTATIONS = YES;
				CLANG_WARN_DIRECT_OBJC_ISA_USAGE = YES_ERROR;
				CLANG_WARN_DOCUMENTATION_COMMENTS = YES;
				CLANG_WARN_EMPTY_BODY = YES;
				CLANG_WARN_ENUM_CONVERSION = YES;
				CLANG_WARN_INFINITE_RECURSION = YES;
				CLANG_WARN_INT_CONVERSION = YES;
				CLANG_WARN_NON_LITERAL_NULL_CONVERSION = YES;
				CLANG_WARN_OBJC_IMPLICIT_RETAIN_SELF = YES;
				CLANG_WARN_OBJC_LITERAL_CONVERSION = YES;
				CLANG_WARN_OBJC_ROOT_CLASS = YES_ERROR;
				CLANG_WARN_QUOTED_INCLUDE_IN_FRAMEWORK_HEADER = YES;
				CLANG_WARN_RANGE_LOOP_ANALYSIS = YES;
				CLANG_WARN_STRICT_PROTOTYPES = YES;
				CLANG_WARN_SUSPICIOUS_MOVE = YES;
				CLANG_WARN_UNGUARDED_AVAILABILITY = YES_AGGRESSIVE;
				CLANG_WARN_UNREACHABLE_CODE = YES;
				CLANG_WARN__DUPLICATE_METHOD_MATCH = YES;
				COPY_PHASE_STRIP = NO;
				DEBUG_INFORMATION_FORMAT = "dwarf-with-dsym";
				ENABLE_NS_ASSERTIONS = NO;
				ENABLE_STRICT_OBJC_MSGSEND = YES;
				GCC_C_LANGUAGE_STANDARD = gnu11;
				GCC_NO_COMMON_BLOCKS = YES;
				GCC_WARN_64_TO_32_BIT_CONVERSION = YES;
				GCC_WARN_ABOUT_RETURN_TYPE = YES_ERROR;
				GCC_WARN_UNDECLARED_SELECTOR = YES;
				GCC_WARN_UNINITIALIZED_AUTOS = YES_AGGRESSIVE;
				GCC_WARN_UNUSED_FUNCTION = YES;
				GCC_WARN_UNUSED_VARIABLE = YES;
				IPHONEOS_DEPLOYMENT_TARGET = 14.4;
				MTL_ENABLE_DEBUG_INFO = NO;
				MTL_FAST_MATH = YES;
				SDKROOT = iphoneos;
				SWIFT_COMPILATION_MODE = wholemodule;
				SWIFT_OPTIMIZATION_LEVEL = "-O";
				VALIDATE_PRODUCT = YES;
			};
			name = Release;
		};
		1253FD522655FF960013AC09 /* Debug */ = {
			isa = XCBuildConfiguration;
			buildSettings = {
				ASSETCATALOG_COMPILER_APPICON_NAME = AppIcon;
				ASSETCATALOG_COMPILER_GLOBAL_ACCENT_COLOR_NAME = AccentColor;
				CODE_SIGN_STYLE = Automatic;
				DEVELOPMENT_TEAM = C66Y3DM74C;
				INFOPLIST_FILE = Combine_URLSession/Info.plist;
				LD_RUNPATH_SEARCH_PATHS = (
					"$(inherited)",
					"@executable_path/Frameworks",
				);
				PRODUCT_BUNDLE_IDENTIFIER = "com.joshr.Combine-URLSession";
				PRODUCT_NAME = "$(TARGET_NAME)";
				SWIFT_VERSION = 5.0;
				TARGETED_DEVICE_FAMILY = "1,2";
			};
			name = Debug;
		};
		1253FD532655FF960013AC09 /* Release */ = {
			isa = XCBuildConfiguration;
			buildSettings = {
				ASSETCATALOG_COMPILER_APPICON_NAME = AppIcon;
				ASSETCATALOG_COMPILER_GLOBAL_ACCENT_COLOR_NAME = AccentColor;
				CODE_SIGN_STYLE = Automatic;
				DEVELOPMENT_TEAM = C66Y3DM74C;
				INFOPLIST_FILE = Combine_URLSession/Info.plist;
				LD_RUNPATH_SEARCH_PATHS = (
					"$(inherited)",
					"@executable_path/Frameworks",
				);
				PRODUCT_BUNDLE_IDENTIFIER = "com.joshr.Combine-URLSession";
				PRODUCT_NAME = "$(TARGET_NAME)";
				SWIFT_VERSION = 5.0;
				TARGETED_DEVICE_FAMILY = "1,2";
			};
			name = Release;
		};
/* End XCBuildConfiguration section */

/* Begin XCConfigurationList section */
		1253FD382655FF940013AC09 /* Build configuration list for PBXProject "Combine_URLSession" */ = {
			isa = XCConfigurationList;
			buildConfigurations = (
				1253FD4F2655FF960013AC09 /* Debug */,
				1253FD502655FF960013AC09 /* Release */,
			);
			defaultConfigurationIsVisible = 0;
			defaultConfigurationName = Release;
		};
		1253FD512655FF960013AC09 /* Build configuration list for PBXNativeTarget "Combine_URLSession" */ = {
			isa = XCConfigurationList;
			buildConfigurations = (
				1253FD522655FF960013AC09 /* Debug */,
				1253FD532655FF960013AC09 /* Release */,
			);
			defaultConfigurationIsVisible = 0;
			defaultConfigurationName = Release;
		};
/* End XCConfigurationList section */
	};
	rootObject = 1253FD352655FF940013AC09 /* Project object */;
}
